Microsoft Visual Studio Solution File, Format Version 12.00
# Visual Studio 15
VisualStudioVersion = 15.0.26124.0
MinimumVisualStudioVersion = 15.0.26124.0
Project("{2150E333-8FDC-42A3-9474-1A3956D46DE8}") = "src", "src", "{CDB9218D-6F3E-4117-B6E2-0207FDCBF09F}"
EndProject
Project("{FAE04EC0-301F-11D3-BF4B-00C04F79EFBC}") = "SharpRhythm", "src\SharpRhythm\SharpRhythm.csproj", "{4274888E-E354-4E5E-8C3C-CA98EB99E4BD}"
EndProject
Project("{2150E333-8FDC-42A3-9474-1A3956D46DE8}") = "tests", "tests", "{5EF275DB-18A0-4E70-84AD-7F2241A7A8E7}"
EndProject
Project("{FAE04EC0-301F-11D3-BF4B-00C04F79EFBC}") = "SharpRhythm.Tests", "tests\SharpRhythm.Tests\SharpRhythm.Tests.csproj", "{A4C99AD0-0523-4F07-B817-E1846D421C43}"
EndProject
Global
	GlobalSection(SolutionConfigurationPlatforms) = preSolution
		Debug|Any CPU = Debug|Any CPU
		Debug|x64 = Debug|x64
		Debug|x86 = Debug|x86
		Release|Any CPU = Release|Any CPU
		Release|x64 = Release|x64
		Release|x86 = Release|x86
	EndGlobalSection
	GlobalSection(SolutionProperties) = preSolution
		HideSolutionNode = FALSE
	EndGlobalSection
	GlobalSection(ProjectConfigurationPlatforms) = postSolution
		{4274888E-E354-4E5E-8C3C-CA98EB99E4BD}.Debug|Any CPU.ActiveCfg = Debug|Any CPU
		{4274888E-E354-4E5E-8C3C-CA98EB99E4BD}.Debug|Any CPU.Build.0 = Debug|Any CPU
		{4274888E-E354-4E5E-8C3C-CA98EB99E4BD}.Debug|x64.ActiveCfg = Debug|Any CPU
		{4274888E-E354-4E5E-8C3C-CA98EB99E4BD}.Debug|x64.Build.0 = Debug|Any CPU
		{4274888E-E354-4E5E-8C3C-CA98EB99E4BD}.Debug|x86.ActiveCfg = Debug|Any CPU
		{4274888E-E354-4E5E-8C3C-CA98EB99E4BD}.Debug|x86.Build.0 = Debug|Any CPU
		{4274888E-E354-4E5E-8C3C-CA98EB99E4BD}.Release|Any CPU.ActiveCfg = Release|Any CPU
		{4274888E-E354-4E5E-8C3C-CA98EB99E4BD}.Release|Any CPU.Build.0 = Release|Any CPU
		{4274888E-E354-4E5E-8C3C-CA98EB99E4BD}.Release|x64.ActiveCfg = Release|Any CPU
		{4274888E-E354-4E5E-8C3C-CA98EB99E4BD}.Release|x64.Build.0 = Release|Any CPU
		{4274888E-E354-4E5E-8C3C-CA98EB99E4BD}.Release|x86.ActiveCfg = Release|Any CPU
		{4274888E-E354-4E5E-8C3C-CA98EB99E4BD}.Release|x86.Build.0 = Release|Any CPU
		{A4C99AD0-0523-4F07-B817-E1846D421C43}.Debug|Any CPU.ActiveCfg = Debug|Any CPU
		{A4C99AD0-0523-4F07-B817-E1846D421C43}.Debug|Any CPU.Build.0 = Debug|Any CPU
		{A4C99AD0-0523-4F07-B817-E1846D421C43}.Debug|x64.ActiveCfg = Debug|Any CPU
		{A4C99AD0-0523-4F07-B817-E1846D421C43}.Debug|x64.Build.0 = Debug|Any CPU
		{A4C99AD0-0523-4F07-B817-E1846D421C43}.Debug|x86.ActiveCfg = Debug|Any CPU
		{A4C99AD0-0523-4F07-B817-E1846D421C43}.Debug|x86.Build.0 = Debug|Any CPU
		{A4C99AD0-0523-4F07-B817-E1846D421C43}.Release|Any CPU.ActiveCfg = Release|Any CPU
		{A4C99AD0-0523-4F07-B817-E1846D421C43}.Release|Any CPU.Build.0 = Release|Any CPU
		{A4C99AD0-0523-4F07-B817-E1846D421C43}.Release|x64.ActiveCfg = Release|Any CPU
		{A4C99AD0-0523-4F07-B817-E1846D421C43}.Release|x64.Build.0 = Release|Any CPU
		{A4C99AD0-0523-4F07-B817-E1846D421C43}.Release|x86.ActiveCfg = Release|Any CPU
		{A4C99AD0-0523-4F07-B817-E1846D421C43}.Release|x86.Build.0 = Release|Any CPU
	EndGlobalSection
	GlobalSection(NestedProjects) = preSolution
		{4274888E-E354-4E5E-8C3C-CA98EB99E4BD} = {CDB9218D-6F3E-4117-B6E2-0207FDCBF09F}
		{A4C99AD0-0523-4F07-B817-E1846D421C43} = {5EF275DB-18A0-4E70-84AD-7F2241A7A8E7}
	EndGlobalSection
EndGlobal
